
Microsoft Visual Studio Solution File, Format Version 12.00
# Visual Studio Version 17
VisualStudioVersion = 17.3.32922.545
MinimumVisualStudioVersion = 10.0.40219.1
Project("{FAE04EC0-301F-11D3-BF4B-00C04F79EFBC}") = "Farmacia", "Farmacia\Farmacia.csproj", "{15B9982C-12FC-455F-AAB2-CD8B56E9CFF6}"
EndProject
Global
	GlobalSection(SolutionConfigurationPlatforms) = preSolution
		Debug|Any CPU = Debug|Any CPU
		Release|Any CPU = Release|Any CPU
	EndGlobalSection
	GlobalSection(ProjectConfigurationPlatforms) = postSolution
		{15B9982C-12FC-455F-AAB2-CD8B56E9CFF6}.Debug|Any CPU.ActiveCfg = Debug|Any CPU
		{15B9982C-12FC-455F-AAB2-CD8B56E9CFF6}.Debug|Any CPU.Build.0 = Debug|Any CPU
		{15B9982C-12FC-455F-AAB2-CD8B56E9CFF6}.Release|Any CPU.ActiveCfg = Release|Any CPU
		{15B9982C-12FC-455F-AAB2-CD8B56E9CFF6}.Release|Any CPU.Build.0 = Release|Any CPU
	EndGlobalSection
	GlobalSection(SolutionProperties) = preSolution
		HideSolutionNode = FALSE
	EndGlobalSection
	GlobalSection(ExtensibilityGlobals) = postSolution
		SolutionGuid = {89734AFE-8E34-4373-9D3F-4196D8B9CEE1}
	EndGlobalSection
EndGlobal
